
Microsoft Visual Studio Solution File, Format Version 12.00
# Visual Studio Version 17
VisualStudioVersion = 17.3.32929.385
MinimumVisualStudioVersion = 10.0.40219.1
Project("{FAE04EC0-301F-11D3-BF4B-00C04F79EFBC}") = "ReprocessamentoEventos.API", "ReprocessamentoEventos.API\ReprocessamentoEventos.API.csproj", "{06412C25-BE4B-4FE3-9842-9AB57DE570DA}"
	ProjectSection(ProjectDependencies) = postProject
		{DD8359E1-5CB3-4E42-9376-E9C63BC418C7} = {DD8359E1-5CB3-4E42-9376-E9C63BC418C7}
	EndProjectSection
EndProject
Project("{FAE04EC0-301F-11D3-BF4B-00C04F79EFBC}") = "ReprocessamentoEventos.Core", "ReprocessamentoEventos.Core\ReprocessamentoEventos.Core.csproj", "{99430CD9-1571-4765-B0F6-91C251A7E8E8}"
EndProject
Project("{FAE04EC0-301F-11D3-BF4B-00C04F79EFBC}") = "ReprocessamentoEventos.Application", "ReprocessamentoEventos.Application\ReprocessamentoEventos.Application.csproj", "{DD8359E1-5CB3-4E42-9376-E9C63BC418C7}"
EndProject
Global
	GlobalSection(SolutionConfigurationPlatforms) = preSolution
		Debug|Any CPU = Debug|Any CPU
		Release|Any CPU = Release|Any CPU
	EndGlobalSection
	GlobalSection(ProjectConfigurationPlatforms) = postSolution
		{06412C25-BE4B-4FE3-9842-9AB57DE570DA}.Debug|Any CPU.ActiveCfg = Debug|Any CPU
		{06412C25-BE4B-4FE3-9842-9AB57DE570DA}.Debug|Any CPU.Build.0 = Debug|Any CPU
		{06412C25-BE4B-4FE3-9842-9AB57DE570DA}.Release|Any CPU.ActiveCfg = Release|Any CPU
		{06412C25-BE4B-4FE3-9842-9AB57DE570DA}.Release|Any CPU.Build.0 = Release|Any CPU
		{99430CD9-1571-4765-B0F6-91C251A7E8E8}.Debug|Any CPU.ActiveCfg = Debug|Any CPU
		{99430CD9-1571-4765-B0F6-91C251A7E8E8}.Debug|Any CPU.Build.0 = Debug|Any CPU
		{99430CD9-1571-4765-B0F6-91C251A7E8E8}.Release|Any CPU.ActiveCfg = Release|Any CPU
		{99430CD9-1571-4765-B0F6-91C251A7E8E8}.Release|Any CPU.Build.0 = Release|Any CPU
		{DD8359E1-5CB3-4E42-9376-E9C63BC418C7}.Debug|Any CPU.ActiveCfg = Debug|Any CPU
		{DD8359E1-5CB3-4E42-9376-E9C63BC418C7}.Debug|Any CPU.Build.0 = Debug|Any CPU
		{DD8359E1-5CB3-4E42-9376-E9C63BC418C7}.Release|Any CPU.ActiveCfg = Release|Any CPU
		{DD8359E1-5CB3-4E42-9376-E9C63BC418C7}.Release|Any CPU.Build.0 = Release|Any CPU
	EndGlobalSection
	GlobalSection(SolutionProperties) = preSolution
		HideSolutionNode = FALSE
	EndGlobalSection
	GlobalSection(ExtensibilityGlobals) = postSolution
		SolutionGuid = {066AC338-2574-4DD5-AE35-EAB7DE968D14}
	EndGlobalSection
EndGlobal
